
Microsoft Visual Studio Solution File, Format Version 12.00
# Visual Studio Version 16
VisualStudioVersion = 16.0.29111.141
MinimumVisualStudioVersion = 10.0.40219.1
Project("{FAE04EC0-301F-11D3-BF4B-00C04F79EFBC}") = "PetriNetCodeGeneratorSite.Server", "PetriNetCodeGeneratorSite.Server\PetriNetCodeGeneratorSite.Server.csproj", "{3F7763DC-059A-4681-9CCE-C0501F5767EE}"
EndProject
Project("{FAE04EC0-301F-11D3-BF4B-00C04F79EFBC}") = "PetriNetCodeGeneratorSite.Client", "PetriNetCodeGeneratorSite.Client\PetriNetCodeGeneratorSite.Client.csproj", "{179D9955-3BC6-4A1D-A049-DB564045D434}"
EndProject
Project("{FAE04EC0-301F-11D3-BF4B-00C04F79EFBC}") = "PetriNetCodeGeneratorSite.Shared", "PetriNetCodeGeneratorSite.Shared\PetriNetCodeGeneratorSite.Shared.csproj", "{EBF76583-5583-487B-8A14-8AAFAD93959A}"
EndProject
Global
	GlobalSection(SolutionConfigurationPlatforms) = preSolution
		Debug|Any CPU = Debug|Any CPU
		Release|Any CPU = Release|Any CPU
	EndGlobalSection
	GlobalSection(ProjectConfigurationPlatforms) = postSolution
		{3F7763DC-059A-4681-9CCE-C0501F5767EE}.Debug|Any CPU.ActiveCfg = Debug|Any CPU
		{3F7763DC-059A-4681-9CCE-C0501F5767EE}.Debug|Any CPU.Build.0 = Debug|Any CPU
		{3F7763DC-059A-4681-9CCE-C0501F5767EE}.Release|Any CPU.ActiveCfg = Release|Any CPU
		{3F7763DC-059A-4681-9CCE-C0501F5767EE}.Release|Any CPU.Build.0 = Release|Any CPU
		{179D9955-3BC6-4A1D-A049-DB564045D434}.Debug|Any CPU.ActiveCfg = Debug|Any CPU
		{179D9955-3BC6-4A1D-A049-DB564045D434}.Debug|Any CPU.Build.0 = Debug|Any CPU
		{179D9955-3BC6-4A1D-A049-DB564045D434}.Release|Any CPU.ActiveCfg = Release|Any CPU
		{179D9955-3BC6-4A1D-A049-DB564045D434}.Release|Any CPU.Build.0 = Release|Any CPU
		{EBF76583-5583-487B-8A14-8AAFAD93959A}.Debug|Any CPU.ActiveCfg = Debug|Any CPU
		{EBF76583-5583-487B-8A14-8AAFAD93959A}.Debug|Any CPU.Build.0 = Debug|Any CPU
		{EBF76583-5583-487B-8A14-8AAFAD93959A}.Release|Any CPU.ActiveCfg = Release|Any CPU
		{EBF76583-5583-487B-8A14-8AAFAD93959A}.Release|Any CPU.Build.0 = Release|Any CPU
	EndGlobalSection
	GlobalSection(SolutionProperties) = preSolution
		HideSolutionNode = FALSE
	EndGlobalSection
	GlobalSection(ExtensibilityGlobals) = postSolution
		SolutionGuid = {E737488E-9E74-4F16-A780-A3461AD98030}
	EndGlobalSection
EndGlobal
